
Microsoft Visual Studio Solution File, Format Version 12.00
# Visual Studio Version 17
VisualStudioVersion = 17.8.34309.116
MinimumVisualStudioVersion = 10.0.40219.1
Project("{FAE04EC0-301F-11D3-BF4B-00C04F79EFBC}") = "Sorting", "Sorting\Sorting.csproj", "{ACFEC4B6-F06F-4A38-9ECE-B4790670BECF}"
EndProject
Global
	GlobalSection(SolutionConfigurationPlatforms) = preSolution
		Debug|Any CPU = Debug|Any CPU
		Release|Any CPU = Release|Any CPU
	EndGlobalSection
	GlobalSection(ProjectConfigurationPlatforms) = postSolution
		{ACFEC4B6-F06F-4A38-9ECE-B4790670BECF}.Debug|Any CPU.ActiveCfg = Debug|Any CPU
		{ACFEC4B6-F06F-4A38-9ECE-B4790670BECF}.Debug|Any CPU.Build.0 = Debug|Any CPU
		{ACFEC4B6-F06F-4A38-9ECE-B4790670BECF}.Release|Any CPU.ActiveCfg = Release|Any CPU
		{ACFEC4B6-F06F-4A38-9ECE-B4790670BECF}.Release|Any CPU.Build.0 = Release|Any CPU
	EndGlobalSection
	GlobalSection(SolutionProperties) = preSolution
		HideSolutionNode = FALSE
	EndGlobalSection
	GlobalSection(ExtensibilityGlobals) = postSolution
		SolutionGuid = {3DD832D4-C269-4C69-B9D9-34B772C3164A}
	EndGlobalSection
EndGlobal
